
Microsoft Visual Studio Solution File, Format Version 12.00
# Visual Studio 14
VisualStudioVersion = 14.0.25420.1
MinimumVisualStudioVersion = 10.0.40219.1
Project("{FAE04EC0-301F-11D3-BF4B-00C04F79EFBC}") = "MainForm", "MainForm\MainForm.csproj", "{E817FF89-AD5F-4C23-8521-FFE79BC134BF}"
EndProject
Project("{FAE04EC0-301F-11D3-BF4B-00C04F79EFBC}") = "MainFormTests", "MainFormTests3\MainFormTests.csproj", "{4F4EE6FD-DD69-401D-8413-38D66A64B69E}"
EndProject
Global
	GlobalSection(SolutionConfigurationPlatforms) = preSolution
		Debug|Any CPU = Debug|Any CPU
		Release|Any CPU = Release|Any CPU
	EndGlobalSection
	GlobalSection(ProjectConfigurationPlatforms) = postSolution
		{E817FF89-AD5F-4C23-8521-FFE79BC134BF}.Debug|Any CPU.ActiveCfg = Debug|Any CPU
		{E817FF89-AD5F-4C23-8521-FFE79BC134BF}.Debug|Any CPU.Build.0 = Debug|Any CPU
		{E817FF89-AD5F-4C23-8521-FFE79BC134BF}.Release|Any CPU.ActiveCfg = Release|Any CPU
		{E817FF89-AD5F-4C23-8521-FFE79BC134BF}.Release|Any CPU.Build.0 = Release|Any CPU
		{4F4EE6FD-DD69-401D-8413-38D66A64B69E}.Debug|Any CPU.ActiveCfg = Debug|Any CPU
		{4F4EE6FD-DD69-401D-8413-38D66A64B69E}.Debug|Any CPU.Build.0 = Debug|Any CPU
		{4F4EE6FD-DD69-401D-8413-38D66A64B69E}.Release|Any CPU.ActiveCfg = Release|Any CPU
		{4F4EE6FD-DD69-401D-8413-38D66A64B69E}.Release|Any CPU.Build.0 = Release|Any CPU
	EndGlobalSection
	GlobalSection(SolutionProperties) = preSolution
		HideSolutionNode = FALSE
	EndGlobalSection
EndGlobal
